[root]
name = "learnrust"
version = "0.1.0"
dependencies = [
 "frunk 0.1.32 (registry+https://github.com/rust-lang/crates.io-index)",
]

[[package]]
name = "frunk"
version = "0.1.32"
source = "registry+https://github.com/rust-lang/crates.io-index"
dependencies = [
 "frunk_core 0.0.19 (registry+https://github.com/rust-lang/crates.io-index)",
 "frunk_derives 0.0.20 (registry+https://github.com/rust-lang/crates.io-index)",
]

[[package]]
name = "frunk_core"
version = "0.0.19"
source = "registry+https://github.com/rust-lang/crates.io-index"

[[package]]
name = "frunk_derives"
version = "0.0.20"
source = "registry+https://github.com/rust-lang/crates.io-index"
dependencies = [
 "frunk_core 0.0.19 (registry+https://github.com/rust-lang/crates.io-index)",
 "quote 0.3.15 (registry+https://github.com/rust-lang/crates.io-index)",
 "syn 0.11.11 (registry+https://github.com/rust-lang/crates.io-index)",
]

[[package]]
name = "quote"
version = "0.3.15"
source = "registry+https://github.com/rust-lang/crates.io-index"

[[package]]
name = "syn"
version = "0.11.11"
source = "registry+https://github.com/rust-lang/crates.io-index"
dependencies = [
 "quote 0.3.15 (registry+https://github.com/rust-lang/crates.io-index)",
 "synom 0.11.3 (registry+https://github.com/rust-lang/crates.io-index)",
 "unicode-xid 0.0.4 (registry+https://github.com/rust-lang/crates.io-index)",
]

[[package]]
name = "synom"
version = "0.11.3"
source = "registry+https://github.com/rust-lang/crates.io-index"
dependencies = [
 "unicode-xid 0.0.4 (registry+https://github.com/rust-lang/crates.io-index)",
]

[[package]]
name = "unicode-xid"
version = "0.0.4"
source = "registry+https://github.com/rust-lang/crates.io-index"

[metadata]
"checksum frunk 0.1.32 (registry+https://github.com/rust-lang/crates.io-index)" = "619a8160f5140757e3ca16984fd8cc44bb402c7b69e3d6771b628107f13d9741"
"checksum frunk_core 0.0.19 (registry+https://github.com/rust-lang/crates.io-index)" = "252ea5fca4f99c77d147eead4305626e0888d6cbdd0deeba5b4c3ea303412738"
"checksum frunk_derives 0.0.20 (registry+https://github.com/rust-lang/crates.io-index)" = "d4236bf2039447afc90f0f61f3c350425ce0b38a70db3ada12b2a1db927a1e9f"
"checksum quote 0.3.15 (registry+https://github.com/rust-lang/crates.io-index)" = "7a6e920b65c65f10b2ae65c831a81a073a89edd28c7cce89475bff467ab4167a"
"checksum syn 0.11.11 (registry+https://github.com/rust-lang/crates.io-index)" = "d3b891b9015c88c576343b9b3e41c2c11a51c219ef067b264bd9c8aa9b441dad"
"checksum synom 0.11.3 (registry+https://github.com/rust-lang/crates.io-index)" = "a393066ed9010ebaed60b9eafa373d4b1baac186dd7e008555b0f702b51945b6"
"checksum unicode-xid 0.0.4 (registry+https://github.com/rust-lang/crates.io-index)" = "8c1f860d7d29cf02cb2f3f359fd35991af3d30bac52c57d265a3c461074cb4dc"
